
Microsoft Visual Studio Solution File, Format Version 12.00
# Visual Studio 14
VisualStudioVersion = 14.0.25420.1
MinimumVisualStudioVersion = 10.0.40219.1
Project("{FAE04EC0-301F-11D3-BF4B-00C04F79EFBC}") = "DemoSystem", "DemoSystem\DemoSystem.csproj", "{B2AEFD84-8533-4954-A934-06DC1ADA3A73}"
EndProject
Project("{FAE04EC0-301F-11D3-BF4B-00C04F79EFBC}") = "RegistryLibrary", "..\..\RegistryLibrary\RegistryLibrary\RegistryLibrary.csproj", "{3F0AAB56-A339-4E2E-A248-630C28CE8F2D}"
EndProject
Project("{FAE04EC0-301F-11D3-BF4B-00C04F79EFBC}") = "DemoModule", "..\..\Module\DemoModule\DemoModule\DemoModule.csproj", "{3356CBFE-94A6-40E9-9784-F0B9222482B2}"
EndProject
Project("{FAE04EC0-301F-11D3-BF4B-00C04F79EFBC}") = "MessageQueueModule", "..\..\Module\MessageQueueModule\MessageQueueModule\MessageQueueModule.csproj", "{B67DBB8E-8455-4A55-8D45-E37779034587}"
EndProject
Project("{FAE04EC0-301F-11D3-BF4B-00C04F79EFBC}") = "LoggingModule", "..\..\Module\LoggingModule\LoggingModule\LoggingModule.csproj", "{49B70280-6329-466A-AF4D-BC335324E191}"
EndProject
Project("{FAE04EC0-301F-11D3-BF4B-00C04F79EFBC}") = "WebSocketModule", "..\..\Module\WebSocketModule\WebSocketModule\WebSocketModule.csproj", "{A93D5A72-54A0-466A-AFC9-171A9801D1ED}"
EndProject
Project("{FAE04EC0-301F-11D3-BF4B-00C04F79EFBC}") = "WebApiModule", "..\..\Module\WebApiModule\WebApiModule\WebApiModule.csproj", "{3578CFA3-D49E-4846-844C-B74100E14BD5}"
EndProject
Project("{FAE04EC0-301F-11D3-BF4B-00C04F79EFBC}") = "CommunicatingModule", "..\..\Module\CommunicatingModule\CommunicatingModule\CommunicatingModule.csproj", "{7ADDA58A-260E-4102-BD54-0C5F648C2539}"
EndProject
Project("{FAE04EC0-301F-11D3-BF4B-00C04F79EFBC}") = "TimingServiceModule", "..\..\Module\TimingServiceModule\TimingServiceModule\TimingServiceModule.csproj", "{7AFC6CD0-6B92-4BC4-8522-F3EBA79EEB3A}"
EndProject
Project("{FAE04EC0-301F-11D3-BF4B-00C04F79EFBC}") = "EmailModule", "..\..\Module\EmailModule\EmailModule\EmailModule.csproj", "{D5611E56-ACAD-4FBB-ADAF-01AC784E6442}"
EndProject
Global
	GlobalSection(SolutionConfigurationPlatforms) = preSolution
		Debug|Any CPU = Debug|Any CPU
		Release|Any CPU = Release|Any CPU
	EndGlobalSection
	GlobalSection(ProjectConfigurationPlatforms) = postSolution
		{B2AEFD84-8533-4954-A934-06DC1ADA3A73}.Debug|Any CPU.ActiveCfg = Debug|Any CPU
		{B2AEFD84-8533-4954-A934-06DC1ADA3A73}.Debug|Any CPU.Build.0 = Debug|Any CPU
		{B2AEFD84-8533-4954-A934-06DC1ADA3A73}.Release|Any CPU.ActiveCfg = Release|Any CPU
		{B2AEFD84-8533-4954-A934-06DC1ADA3A73}.Release|Any CPU.Build.0 = Release|Any CPU
		{3F0AAB56-A339-4E2E-A248-630C28CE8F2D}.Debug|Any CPU.ActiveCfg = Debug|Any CPU
		{3F0AAB56-A339-4E2E-A248-630C28CE8F2D}.Debug|Any CPU.Build.0 = Debug|Any CPU
		{3F0AAB56-A339-4E2E-A248-630C28CE8F2D}.Release|Any CPU.ActiveCfg = Release|Any CPU
		{3F0AAB56-A339-4E2E-A248-630C28CE8F2D}.Release|Any CPU.Build.0 = Release|Any CPU
		{3356CBFE-94A6-40E9-9784-F0B9222482B2}.Debug|Any CPU.ActiveCfg = Debug|Any CPU
		{3356CBFE-94A6-40E9-9784-F0B9222482B2}.Debug|Any CPU.Build.0 = Debug|Any CPU
		{3356CBFE-94A6-40E9-9784-F0B9222482B2}.Release|Any CPU.ActiveCfg = Release|Any CPU
		{3356CBFE-94A6-40E9-9784-F0B9222482B2}.Release|Any CPU.Build.0 = Release|Any CPU
		{B67DBB8E-8455-4A55-8D45-E37779034587}.Debug|Any CPU.ActiveCfg = Debug|Any CPU
		{B67DBB8E-8455-4A55-8D45-E37779034587}.Debug|Any CPU.Build.0 = Debug|Any CPU
		{B67DBB8E-8455-4A55-8D45-E37779034587}.Release|Any CPU.ActiveCfg = Release|Any CPU
		{B67DBB8E-8455-4A55-8D45-E37779034587}.Release|Any CPU.Build.0 = Release|Any CPU
		{49B70280-6329-466A-AF4D-BC335324E191}.Debug|Any CPU.ActiveCfg = Debug|Any CPU
		{49B70280-6329-466A-AF4D-BC335324E191}.Debug|Any CPU.Build.0 = Debug|Any CPU
		{49B70280-6329-466A-AF4D-BC335324E191}.Release|Any CPU.ActiveCfg = Release|Any CPU
		{49B70280-6329-466A-AF4D-BC335324E191}.Release|Any CPU.Build.0 = Release|Any CPU
		{A93D5A72-54A0-466A-AFC9-171A9801D1ED}.Debug|Any CPU.ActiveCfg = Debug|Any CPU
		{A93D5A72-54A0-466A-AFC9-171A9801D1ED}.Debug|Any CPU.Build.0 = Debug|Any CPU
		{A93D5A72-54A0-466A-AFC9-171A9801D1ED}.Release|Any CPU.ActiveCfg = Release|Any CPU
		{A93D5A72-54A0-466A-AFC9-171A9801D1ED}.Release|Any CPU.Build.0 = Release|Any CPU
		{3578CFA3-D49E-4846-844C-B74100E14BD5}.Debug|Any CPU.ActiveCfg = Debug|Any CPU
		{3578CFA3-D49E-4846-844C-B74100E14BD5}.Debug|Any CPU.Build.0 = Debug|Any CPU
		{3578CFA3-D49E-4846-844C-B74100E14BD5}.Release|Any CPU.ActiveCfg = Release|Any CPU
		{3578CFA3-D49E-4846-844C-B74100E14BD5}.Release|Any CPU.Build.0 = Release|Any CPU
		{7ADDA58A-260E-4102-BD54-0C5F648C2539}.Debug|Any CPU.ActiveCfg = Debug|Any CPU
		{7ADDA58A-260E-4102-BD54-0C5F648C2539}.Debug|Any CPU.Build.0 = Debug|Any CPU
		{7ADDA58A-260E-4102-BD54-0C5F648C2539}.Release|Any CPU.ActiveCfg = Release|Any CPU
		{7ADDA58A-260E-4102-BD54-0C5F648C2539}.Release|Any CPU.Build.0 = Release|Any CPU
		{7AFC6CD0-6B92-4BC4-8522-F3EBA79EEB3A}.Debug|Any CPU.ActiveCfg = Debug|Any CPU
		{7AFC6CD0-6B92-4BC4-8522-F3EBA79EEB3A}.Debug|Any CPU.Build.0 = Debug|Any CPU
		{7AFC6CD0-6B92-4BC4-8522-F3EBA79EEB3A}.Release|Any CPU.ActiveCfg = Release|Any CPU
		{7AFC6CD0-6B92-4BC4-8522-F3EBA79EEB3A}.Release|Any CPU.Build.0 = Release|Any CPU
		{D5611E56-ACAD-4FBB-ADAF-01AC784E6442}.Debug|Any CPU.ActiveCfg = Debug|Any CPU
		{D5611E56-ACAD-4FBB-ADAF-01AC784E6442}.Debug|Any CPU.Build.0 = Debug|Any CPU
		{D5611E56-ACAD-4FBB-ADAF-01AC784E6442}.Release|Any CPU.ActiveCfg = Release|Any CPU
		{D5611E56-ACAD-4FBB-ADAF-01AC784E6442}.Release|Any CPU.Build.0 = Release|Any CPU
	EndGlobalSection
	GlobalSection(SolutionProperties) = preSolution
		HideSolutionNode = FALSE
	EndGlobalSection
EndGlobal
