
Microsoft Visual Studio Solution File, Format Version 12.00
# Visual Studio 14
VisualStudioVersion = 14.0.25420.1
MinimumVisualStudioVersion = 10.0.40219.1
Project("{FAE04EC0-301F-11D3-BF4B-00C04F79EFBC}") = "WebSocketModule", "WebSocketModule\WebSocketModule.csproj", "{A93D5A72-54A0-466A-AFC9-171A9801D1ED}"
EndProject
Project("{FAE04EC0-301F-11D3-BF4B-00C04F79EFBC}") = "RegistryLibrary", "..\..\RegistryLibrary\RegistryLibrary\RegistryLibrary.csproj", "{3F0AAB56-A339-4E2E-A248-630C28CE8F2D}"
EndProject
Global
	GlobalSection(SolutionConfigurationPlatforms) = preSolution
		Debug|Any CPU = Debug|Any CPU
		Release|Any CPU = Release|Any CPU
	EndGlobalSection
	GlobalSection(ProjectConfigurationPlatforms) = postSolution
		{A93D5A72-54A0-466A-AFC9-171A9801D1ED}.Debug|Any CPU.ActiveCfg = Debug|Any CPU
		{A93D5A72-54A0-466A-AFC9-171A9801D1ED}.Debug|Any CPU.Build.0 = Debug|Any CPU
		{A93D5A72-54A0-466A-AFC9-171A9801D1ED}.Release|Any CPU.ActiveCfg = Release|Any CPU
		{A93D5A72-54A0-466A-AFC9-171A9801D1ED}.Release|Any CPU.Build.0 = Release|Any CPU
		{3F0AAB56-A339-4E2E-A248-630C28CE8F2D}.Debug|Any CPU.ActiveCfg = Debug|Any CPU
		{3F0AAB56-A339-4E2E-A248-630C28CE8F2D}.Debug|Any CPU.Build.0 = Debug|Any CPU
		{3F0AAB56-A339-4E2E-A248-630C28CE8F2D}.Release|Any CPU.ActiveCfg = Release|Any CPU
		{3F0AAB56-A339-4E2E-A248-630C28CE8F2D}.Release|Any CPU.Build.0 = Release|Any CPU
	EndGlobalSection
	GlobalSection(SolutionProperties) = preSolution
		HideSolutionNode = FALSE
	EndGlobalSection
EndGlobal
